bottle==0.13.4
cffi==2.1.0
clr-loader==0.3.1
confluent-kafka==2.15.0
lightweight-charts==2.1
numpy==2.4.6
pandas==3.0.3
polars==1.43.1
polars-runtime-32==1.43.1
polars-runtime-compat==1.43.1
protobuf==7.35.1
proxy-tools==0.1.0
pyarrow==25.0.0
pycparser==3.0
python-dateutil==2.9.0.post0
python-dotenv==1.2.2
pythonnet==3.1.0
pywebview==6.2.1
shioaji==1.7.0
six==1.17.0
typing-extensions==4.16.0
tzdata==2026.3
